<Solution>
  <Project Path="Capa_Abstracciones/Capa_Abstracciones.csproj" />
  <Project Path="Capa_Datos/Capa_Datos.csproj" />
  <Project Path="Capa_Servicios/Capa_Servicios.csproj" />
  <Project Path="ApiEncuestaPrototipe/ApiEncuestaPrototipe.csproj" />
  <Project Path="Panel_Admin/Panel_Admin.csproj" />
  <Project Path="Pruebas/Pruebas.csproj" />
</Solution>
